Microsoft Visual Studio Solution File, Format Version 12.00
# Visual Studio 15
VisualStudioVersion = 15.0.26430.14
MinimumVisualStudioVersion = 10.0.40219.1
Project("{FAE04EC0-301F-11D3-BF4B-00C04F79EFBC}") = "Bandwidth.Standard", "Bandwidth.Standard/Bandwidth.Standard.csproj", "{f9352142-8197-4ba4-adc9-b1a84a48572b}"
EndProject
Global
    GlobalSection(SolutionConfigurationPlatforms) = preSolution
        Debug|Any CPU = Debug|Any CPU
        Release|Any CPU = Release|Any CPU
    EndGlobalSection
    GlobalSection(ProjectConfigurationPlatforms) = postSolution
        {f9352142-8197-4ba4-adc9-b1a84a48572b}.Debug|Any CPU.ActiveCfg = Debug|Any CPU
        {f9352142-8197-4ba4-adc9-b1a84a48572b}.Debug|Any CPU.Build.0 = Debug|Any CPU
        {f9352142-8197-4ba4-adc9-b1a84a48572b}.Release|Any CPU.ActiveCfg = Release|Any CPU
        {f9352142-8197-4ba4-adc9-b1a84a48572b}.Release|Any CPU.Build.0 = Release|Any CPU
    EndGlobalSection
    GlobalSection(SolutionProperties) = preSolution
        HideSolutionNode = FALSE
    EndGlobalSection
EndGlobal
