Microsoft Visual Studio Solution File, Format Version 12.00
# Visual Studio 15
VisualStudioVersion = 15.0.26430.14
MinimumVisualStudioVersion = 10.0.40219.1
Project("{FAE04EC0-301F-11D3-BF4B-00C04F79EFBC}") = "Bandwidth.Standard", "Bandwidth.Standard/Bandwidth.Standard.csproj", "{2565e717-cafc-45d1-9f7f-fc1321ac57f7}"
EndProject
Project("{FAE04EC0-301F-11D3-BF4B-00C04F79EFBC}") = "Bandwidth.Tests", "Bandwidth.Tests/Bandwidth.Tests.csproj", "{483972cb-078e-49d1-af94-896b1be64e4b}"
EndProject
Global
    GlobalSection(SolutionConfigurationPlatforms) = preSolution
        Debug|Any CPU = Debug|Any CPU
        Release|Any CPU = Release|Any CPU
    EndGlobalSection
    GlobalSection(ProjectConfigurationPlatforms) = postSolution
        {2565e717-cafc-45d1-9f7f-fc1321ac57f7}.Debug|Any CPU.ActiveCfg = Debug|Any CPU
        {2565e717-cafc-45d1-9f7f-fc1321ac57f7}.Debug|Any CPU.Build.0 = Debug|Any CPU
        {2565e717-cafc-45d1-9f7f-fc1321ac57f7}.Release|Any CPU.ActiveCfg = Release|Any CPU
        {2565e717-cafc-45d1-9f7f-fc1321ac57f7}.Release|Any CPU.Build.0 = Release|Any CPU
        {483972cb-078e-49d1-af94-896b1be64e4b}.Debug|Any CPU.ActiveCfg = Debug|Any CPU
        {483972cb-078e-49d1-af94-896b1be64e4b}.Debug|Any CPU.Build.0 = Debug|Any CPU
        {483972cb-078e-49d1-af94-896b1be64e4b}.Release|Any CPU.ActiveCfg = Release|Any CPU
        {483972cb-078e-49d1-af94-896b1be64e4b}.Release|Any CPU.Build.0 = Release|Any CPU
    EndGlobalSection
    GlobalSection(SolutionProperties) = preSolution
        HideSolutionNode = FALSE
    EndGlobalSection
EndGlobal
