
Microsoft Visual Studio Solution File, Format Version 12.00
# Visual Studio Version 16
VisualStudioVersion = 25.0.1706.2
MinimumVisualStudioVersion = 10.0.40219.1
Project("{FAE04EC0-301F-11D3-BF4B-00C04F79EFBC}") = "Bandwidth.Standard", "Bandwidth.Standard.csproj", "{9B8BEAD0-8361-4CDF-9339-41BB86C7A208}"
EndProject
Global
	GlobalSection(SolutionConfigurationPlatforms) = preSolution
		Debug|Any CPU = Debug|Any CPU
		Release|Any CPU = Release|Any CPU
	EndGlobalSection
	GlobalSection(ProjectConfigurationPlatforms) = postSolution
		{9B8BEAD0-8361-4CDF-9339-41BB86C7A208}.Debug|Any CPU.ActiveCfg = Debug|Any CPU
		{9B8BEAD0-8361-4CDF-9339-41BB86C7A208}.Debug|Any CPU.Build.0 = Debug|Any CPU
		{9B8BEAD0-8361-4CDF-9339-41BB86C7A208}.Release|Any CPU.ActiveCfg = Release|Any CPU
		{9B8BEAD0-8361-4CDF-9339-41BB86C7A208}.Release|Any CPU.Build.0 = Release|Any CPU
	EndGlobalSection
	GlobalSection(SolutionProperties) = preSolution
		HideSolutionNode = FALSE
	EndGlobalSection
	GlobalSection(ExtensibilityGlobals) = postSolution
		SolutionGuid = {D33EC851-A047-4D16-96ED-9CA573159464}
	EndGlobalSection
EndGlobal
